
Microsoft Visual Studio Solution File, Format Version 9.00
# Visual Studio 2005
# $Id: VC8WorkspaceCreator.pm 1456 2008-07-18 16:05:54Z elliott_c $
#
# This file was generated by MPC.  Any changes made directly to
# this file will be lost the next time it is generated.
#
# MPC Command:
# /export/anduriltmp/bczar/DOC_ROOT/stage-10168/ACE_wrappers/bin/mwc.pl -type vc8 -recurse -hierarchy -relative ACE_ROOT=/export/anduriltmp/bczar/DOC_ROOT/stage-10168/ACE_wrappers -relative TAO_ROOT=/export/anduriltmp/bczar/DOC_ROOT/stage-10168/ACE_wrappers/TAO -relative CIAO_ROOT=/export/anduriltmp/bczar/DOC_ROOT/stage-10168/ACE_wrappers/TAO/CIAO -name_modifier "*_vc8_WinCE" -features uses_wchar=1,wince=1 -value_template "platforms="Pocket PC 2003 (ARMV4)"" -value_template "platforms+="Smartphone 2003 (ARMV4)"" -value_template "platforms+="Windows Mobile 5.0 Pocket PC SDK (ARMV4I)"" -value_template "platforms+="Windows Mobile 5.0 Smartphone SDK (ARMV4I)""
Project("{8BC9CEB8-8B4A-11D0-8D11-00A0C91BC942}") = "ACEXML_XML_Svc_Conf_Parser", "ACEXML\apps\svcconf\ACEXML_XML_Svc_Conf_Parser_vc8_WinCE.vcproj", "{564AEC2C-FECA-1BAD-5984-FE6605060E1A}"
	ProjectSection(ProjectDependencies) = postProject
		{79DA3C35-FECA-1BAD-6757-8A6348EA12C8} = {79DA3C35-FECA-1BAD-6757-8A6348EA12C8}
		{DBEC35DC-FECA-1BAD-5520-8D0518433EA8} = {DBEC35DC-FECA-1BAD-5520-8D0518433EA8}
		{3CAEA2A5-FECA-1BAD-BB9C-8C3A0369561F} = {3CAEA2A5-FECA-1BAD-BB9C-8C3A0369561F}
	EndProjectSection
EndProject
Project("{8BC9CEB8-8B4A-11D0-8D11-00A0C91BC942}") = "ACEXML", "ACEXML\common\ACEXML_vc8_WinCE.vcproj", "{3CAEA2A5-FECA-1BAD-BB9C-8C3A0369561F}"
	ProjectSection(ProjectDependencies) = postProject
		{79DA3C35-FECA-1BAD-6757-8A6348EA12C8} = {79DA3C35-FECA-1BAD-6757-8A6348EA12C8}
	EndProjectSection
EndProject
Project("{8BC9CEB8-8B4A-11D0-8D11-00A0C91BC942}") = "ACEXML_Parser", "ACEXML\parser\parser\ACEXML_Parser_vc8_WinCE.vcproj", "{DBEC35DC-FECA-1BAD-5520-8D0518433EA8}"
	ProjectSection(ProjectDependencies) = postProject
		{79DA3C35-FECA-1BAD-6757-8A6348EA12C8} = {79DA3C35-FECA-1BAD-6757-8A6348EA12C8}
		{3CAEA2A5-FECA-1BAD-BB9C-8C3A0369561F} = {3CAEA2A5-FECA-1BAD-BB9C-8C3A0369561F}
	EndProjectSection
EndProject
Project("{8BC9CEB8-8B4A-11D0-8D11-00A0C91BC942}") = "ACE", "ace\ACE_vc8_WinCE.vcproj", "{79DA3C35-FECA-1BAD-6757-8A6348EA12C8}"
EndProject
Project("{8BC9CEB8-8B4A-11D0-8D11-00A0C91BC942}") = "ACE_ETCL_Parser", "ace\ETCL\ACE_ETCL_Parser_vc8_WinCE.vcproj", "{88B03938-FECA-1BAD-007E-8A672CAF8EDD}"
	ProjectSection(ProjectDependencies) = postProject
		{79DA3C35-FECA-1BAD-6757-8A6348EA12C8} = {79DA3C35-FECA-1BAD-6757-8A6348EA12C8}
		{096E6CE0-FECA-1BAD-007E-8A672CAF8EDD} = {096E6CE0-FECA-1BAD-007E-8A672CAF8EDD}
	EndProjectSection
EndProject
Project("{8BC9CEB8-8B4A-11D0-8D11-00A0C91BC942}") = "ACE_ETCL", "ace\ETCL\ACE_ETCL_vc8_WinCE.vcproj", "{096E6CE0-FECA-1BAD-007E-8A672CAF8EDD}"
	ProjectSection(ProjectDependencies) = postProject
		{79DA3C35-FECA-1BAD-6757-8A6348EA12C8} = {79DA3C35-FECA-1BAD-6757-8A6348EA12C8}
	EndProjectSection
EndProject
Project("{8BC9CEB8-8B4A-11D0-8D11-00A0C91BC942}") = "QoS", "ace\QoS\QoS_vc8_WinCE.vcproj", "{79DB1155-FECA-1BAD-7781-8A6312CAEF49}"
	ProjectSection(ProjectDependencies) = postProject
		{79DA3C35-FECA-1BAD-6757-8A6348EA12C8} = {79DA3C35-FECA-1BAD-6757-8A6348EA12C8}
	EndProjectSection
EndProject
Project("{8BC9CEB8-8B4A-11D0-8D11-00A0C91BC942}") = "FaCENOACE", "contrib\FaCE\FaCENOACE_vc8_WinCE.vcproj", "{08753830-FECA-1BAD-B537-DD79C1AA0532}"
EndProject
Global
	GlobalSection(SolutionConfigurationPlatforms) = preSolution
		Debug|Pocket PC 2003 (ARMV4) = Debug|Pocket PC 2003 (ARMV4)
		Debug|Smartphone 2003 (ARMV4) = Debug|Smartphone 2003 (ARMV4)
		Debug|Windows Mobile 5.0 Pocket PC SDK (ARMV4I) = Debug|Windows Mobile 5.0 Pocket PC SDK (ARMV4I)
		Debug|Windows Mobile 5.0 Smartphone SDK (ARMV4I) = Debug|Windows Mobile 5.0 Smartphone SDK (ARMV4I)
		Release|Pocket PC 2003 (ARMV4) = Release|Pocket PC 2003 (ARMV4)
		Release|Smartphone 2003 (ARMV4) = Release|Smartphone 2003 (ARMV4)
		Release|Windows Mobile 5.0 Pocket PC SDK (ARMV4I) = Release|Windows Mobile 5.0 Pocket PC SDK (ARMV4I)
		Release|Windows Mobile 5.0 Smartphone SDK (ARMV4I) = Release|Windows Mobile 5.0 Smartphone SDK (ARMV4I)
	EndGlobalSection
	GlobalSection(ProjectConfigurationPlatforms) = postSolution
		{564AEC2C-FECA-1BAD-5984-FE6605060E1A}.Debug|Pocket PC 2003 (ARMV4).ActiveCfg = Debug|Pocket PC 2003 (ARMV4)
		{564AEC2C-FECA-1BAD-5984-FE6605060E1A}.Debug|Pocket PC 2003 (ARMV4).Build.0 = Debug|Pocket PC 2003 (ARMV4)
		{564AEC2C-FECA-1BAD-5984-FE6605060E1A}.Debug|Smartphone 2003 (ARMV4).ActiveCfg = Debug|Smartphone 2003 (ARMV4)
		{564AEC2C-FECA-1BAD-5984-FE6605060E1A}.Debug|Smartphone 2003 (ARMV4).Build.0 = Debug|Smartphone 2003 (ARMV4)
		{564AEC2C-FECA-1BAD-5984-FE6605060E1A}.Debug|Windows Mobile 5.0 Pocket PC SDK (ARMV4I).ActiveCfg = Debug|Windows Mobile 5.0 Pocket PC SDK (ARMV4I)
		{564AEC2C-FECA-1BAD-5984-FE6605060E1A}.Debug|Windows Mobile 5.0 Pocket PC SDK (ARMV4I).Build.0 = Debug|Windows Mobile 5.0 Pocket PC SDK (ARMV4I)
		{564AEC2C-FECA-1BAD-5984-FE6605060E1A}.Debug|Windows Mobile 5.0 Smartphone SDK (ARMV4I).ActiveCfg = Debug|Windows Mobile 5.0 Smartphone SDK (ARMV4I)
		{564AEC2C-FECA-1BAD-5984-FE6605060E1A}.Debug|Windows Mobile 5.0 Smartphone SDK (ARMV4I).Build.0 = Debug|Windows Mobile 5.0 Smartphone SDK (ARMV4I)
		{564AEC2C-FECA-1BAD-5984-FE6605060E1A}.Release|Pocket PC 2003 (ARMV4).ActiveCfg = Release|Pocket PC 2003 (ARMV4)
		{564AEC2C-FECA-1BAD-5984-FE6605060E1A}.Release|Pocket PC 2003 (ARMV4).Build.0 = Release|Pocket PC 2003 (ARMV4)
		{564AEC2C-FECA-1BAD-5984-FE6605060E1A}.Release|Smartphone 2003 (ARMV4).ActiveCfg = Release|Smartphone 2003 (ARMV4)
		{564AEC2C-FECA-1BAD-5984-FE6605060E1A}.Release|Smartphone 2003 (ARMV4).Build.0 = Release|Smartphone 2003 (ARMV4)
		{564AEC2C-FECA-1BAD-5984-FE6605060E1A}.Release|Windows Mobile 5.0 Pocket PC SDK (ARMV4I).ActiveCfg = Release|Windows Mobile 5.0 Pocket PC SDK (ARMV4I)
		{564AEC2C-FECA-1BAD-5984-FE6605060E1A}.Release|Windows Mobile 5.0 Pocket PC SDK (ARMV4I).Build.0 = Release|Windows Mobile 5.0 Pocket PC SDK (ARMV4I)
		{564AEC2C-FECA-1BAD-5984-FE6605060E1A}.Release|Windows Mobile 5.0 Smartphone SDK (ARMV4I).ActiveCfg = Release|Windows Mobile 5.0 Smartphone SDK (ARMV4I)
		{564AEC2C-FECA-1BAD-5984-FE6605060E1A}.Release|Windows Mobile 5.0 Smartphone SDK (ARMV4I).Build.0 = Release|Windows Mobile 5.0 Smartphone SDK (ARMV4I)
		{3CAEA2A5-FECA-1BAD-BB9C-8C3A0369561F}.Debug|Pocket PC 2003 (ARMV4).ActiveCfg = Debug|Pocket PC 2003 (ARMV4)
		{3CAEA2A5-FECA-1BAD-BB9C-8C3A0369561F}.Debug|Pocket PC 2003 (ARMV4).Build.0 = Debug|Pocket PC 2003 (ARMV4)
		{3CAEA2A5-FECA-1BAD-BB9C-8C3A0369561F}.Debug|Smartphone 2003 (ARMV4).ActiveCfg = Debug|Smartphone 2003 (ARMV4)
		{3CAEA2A5-FECA-1BAD-BB9C-8C3A0369561F}.Debug|Smartphone 2003 (ARMV4).Build.0 = Debug|Smartphone 2003 (ARMV4)
		{3CAEA2A5-FECA-1BAD-BB9C-8C3A0369561F}.Debug|Windows Mobile 5.0 Pocket PC SDK (ARMV4I).ActiveCfg = Debug|Windows Mobile 5.0 Pocket PC SDK (ARMV4I)
		{3CAEA2A5-FECA-1BAD-BB9C-8C3A0369561F}.Debug|Windows Mobile 5.0 Pocket PC SDK (ARMV4I).Build.0 = Debug|Windows Mobile 5.0 Pocket PC SDK (ARMV4I)
		{3CAEA2A5-FECA-1BAD-BB9C-8C3A0369561F}.Debug|Windows Mobile 5.0 Smartphone SDK (ARMV4I).ActiveCfg = Debug|Windows Mobile 5.0 Smartphone SDK (ARMV4I)
		{3CAEA2A5-FECA-1BAD-BB9C-8C3A0369561F}.Debug|Windows Mobile 5.0 Smartphone SDK (ARMV4I).Build.0 = Debug|Windows Mobile 5.0 Smartphone SDK (ARMV4I)
		{3CAEA2A5-FECA-1BAD-BB9C-8C3A0369561F}.Release|Pocket PC 2003 (ARMV4).ActiveCfg = Release|Pocket PC 2003 (ARMV4)
		{3CAEA2A5-FECA-1BAD-BB9C-8C3A0369561F}.Release|Pocket PC 2003 (ARMV4).Build.0 = Release|Pocket PC 2003 (ARMV4)
		{3CAEA2A5-FECA-1BAD-BB9C-8C3A0369561F}.Release|Smartphone 2003 (ARMV4).ActiveCfg = Release|Smartphone 2003 (ARMV4)
		{3CAEA2A5-FECA-1BAD-BB9C-8C3A0369561F}.Release|Smartphone 2003 (ARMV4).Build.0 = Release|Smartphone 2003 (ARMV4)
		{3CAEA2A5-FECA-1BAD-BB9C-8C3A0369561F}.Release|Windows Mobile 5.0 Pocket PC SDK (ARMV4I).ActiveCfg = Release|Windows Mobile 5.0 Pocket PC SDK (ARMV4I)
		{3CAEA2A5-FECA-1BAD-BB9C-8C3A0369561F}.Release|Windows Mobile 5.0 Pocket PC SDK (ARMV4I).Build.0 = Release|Windows Mobile 5.0 Pocket PC SDK (ARMV4I)
		{3CAEA2A5-FECA-1BAD-BB9C-8C3A0369561F}.Release|Windows Mobile 5.0 Smartphone SDK (ARMV4I).ActiveCfg = Release|Windows Mobile 5.0 Smartphone SDK (ARMV4I)
		{3CAEA2A5-FECA-1BAD-BB9C-8C3A0369561F}.Release|Windows Mobile 5.0 Smartphone SDK (ARMV4I).Build.0 = Release|Windows Mobile 5.0 Smartphone SDK (ARMV4I)
		{DBEC35DC-FECA-1BAD-5520-8D0518433EA8}.Debug|Pocket PC 2003 (ARMV4).ActiveCfg = Debug|Pocket PC 2003 (ARMV4)
		{DBEC35DC-FECA-1BAD-5520-8D0518433EA8}.Debug|Pocket PC 2003 (ARMV4).Build.0 = Debug|Pocket PC 2003 (ARMV4)
		{DBEC35DC-FECA-1BAD-5520-8D0518433EA8}.Debug|Smartphone 2003 (ARMV4).ActiveCfg = Debug|Smartphone 2003 (ARMV4)
		{DBEC35DC-FECA-1BAD-5520-8D0518433EA8}.Debug|Smartphone 2003 (ARMV4).Build.0 = Debug|Smartphone 2003 (ARMV4)
		{DBEC35DC-FECA-1BAD-5520-8D0518433EA8}.Debug|Windows Mobile 5.0 Pocket PC SDK (ARMV4I).ActiveCfg = Debug|Windows Mobile 5.0 Pocket PC SDK (ARMV4I)
		{DBEC35DC-FECA-1BAD-5520-8D0518433EA8}.Debug|Windows Mobile 5.0 Pocket PC SDK (ARMV4I).Build.0 = Debug|Windows Mobile 5.0 Pocket PC SDK (ARMV4I)
		{DBEC35DC-FECA-1BAD-5520-8D0518433EA8}.Debug|Windows Mobile 5.0 Smartphone SDK (ARMV4I).ActiveCfg = Debug|Windows Mobile 5.0 Smartphone SDK (ARMV4I)
		{DBEC35DC-FECA-1BAD-5520-8D0518433EA8}.Debug|Windows Mobile 5.0 Smartphone SDK (ARMV4I).Build.0 = Debug|Windows Mobile 5.0 Smartphone SDK (ARMV4I)
		{DBEC35DC-FECA-1BAD-5520-8D0518433EA8}.Release|Pocket PC 2003 (ARMV4).ActiveCfg = Release|Pocket PC 2003 (ARMV4)
		{DBEC35DC-FECA-1BAD-5520-8D0518433EA8}.Release|Pocket PC 2003 (ARMV4).Build.0 = Release|Pocket PC 2003 (ARMV4)
		{DBEC35DC-FECA-1BAD-5520-8D0518433EA8}.Release|Smartphone 2003 (ARMV4).ActiveCfg = Release|Smartphone 2003 (ARMV4)
		{DBEC35DC-FECA-1BAD-5520-8D0518433EA8}.Release|Smartphone 2003 (ARMV4).Build.0 = Release|Smartphone 2003 (ARMV4)
		{DBEC35DC-FECA-1BAD-5520-8D0518433EA8}.Release|Windows Mobile 5.0 Pocket PC SDK (ARMV4I).ActiveCfg = Release|Windows Mobile 5.0 Pocket PC SDK (ARMV4I)
		{DBEC35DC-FECA-1BAD-5520-8D0518433EA8}.Release|Windows Mobile 5.0 Pocket PC SDK (ARMV4I).Build.0 = Release|Windows Mobile 5.0 Pocket PC SDK (ARMV4I)
		{DBEC35DC-FECA-1BAD-5520-8D0518433EA8}.Release|Windows Mobile 5.0 Smartphone SDK (ARMV4I).ActiveCfg = Release|Windows Mobile 5.0 Smartphone SDK (ARMV4I)
		{DBEC35DC-FECA-1BAD-5520-8D0518433EA8}.Release|Windows Mobile 5.0 Smartphone SDK (ARMV4I).Build.0 = Release|Windows Mobile 5.0 Smartphone SDK (ARMV4I)
		{79DA3C35-FECA-1BAD-6757-8A6348EA12C8}.Debug|Pocket PC 2003 (ARMV4).ActiveCfg = Debug|Pocket PC 2003 (ARMV4)
		{79DA3C35-FECA-1BAD-6757-8A6348EA12C8}.Debug|Pocket PC 2003 (ARMV4).Build.0 = Debug|Pocket PC 2003 (ARMV4)
		{79DA3C35-FECA-1BAD-6757-8A6348EA12C8}.Debug|Smartphone 2003 (ARMV4).ActiveCfg = Debug|Smartphone 2003 (ARMV4)
		{79DA3C35-FECA-1BAD-6757-8A6348EA12C8}.Debug|Smartphone 2003 (ARMV4).Build.0 = Debug|Smartphone 2003 (ARMV4)
		{79DA3C35-FECA-1BAD-6757-8A6348EA12C8}.Debug|Windows Mobile 5.0 Pocket PC SDK (ARMV4I).ActiveCfg = Debug|Windows Mobile 5.0 Pocket PC SDK (ARMV4I)
		{79DA3C35-FECA-1BAD-6757-8A6348EA12C8}.Debug|Windows Mobile 5.0 Pocket PC SDK (ARMV4I).Build.0 = Debug|Windows Mobile 5.0 Pocket PC SDK (ARMV4I)
		{79DA3C35-FECA-1BAD-6757-8A6348EA12C8}.Debug|Windows Mobile 5.0 Smartphone SDK (ARMV4I).ActiveCfg = Debug|Windows Mobile 5.0 Smartphone SDK (ARMV4I)
		{79DA3C35-FECA-1BAD-6757-8A6348EA12C8}.Debug|Windows Mobile 5.0 Smartphone SDK (ARMV4I).Build.0 = Debug|Windows Mobile 5.0 Smartphone SDK (ARMV4I)
		{79DA3C35-FECA-1BAD-6757-8A6348EA12C8}.Release|Pocket PC 2003 (ARMV4).ActiveCfg = Release|Pocket PC 2003 (ARMV4)
		{79DA3C35-FECA-1BAD-6757-8A6348EA12C8}.Release|Pocket PC 2003 (ARMV4).Build.0 = Release|Pocket PC 2003 (ARMV4)
		{79DA3C35-FECA-1BAD-6757-8A6348EA12C8}.Release|Smartphone 2003 (ARMV4).ActiveCfg = Release|Smartphone 2003 (ARMV4)
		{79DA3C35-FECA-1BAD-6757-8A6348EA12C8}.Release|Smartphone 2003 (ARMV4).Build.0 = Release|Smartphone 2003 (ARMV4)
		{79DA3C35-FECA-1BAD-6757-8A6348EA12C8}.Release|Windows Mobile 5.0 Pocket PC SDK (ARMV4I).ActiveCfg = Release|Windows Mobile 5.0 Pocket PC SDK (ARMV4I)
		{79DA3C35-FECA-1BAD-6757-8A6348EA12C8}.Release|Windows Mobile 5.0 Pocket PC SDK (ARMV4I).Build.0 = Release|Windows Mobile 5.0 Pocket PC SDK (ARMV4I)
		{79DA3C35-FECA-1BAD-6757-8A6348EA12C8}.Release|Windows Mobile 5.0 Smartphone SDK (ARMV4I).ActiveCfg = Release|Windows Mobile 5.0 Smartphone SDK (ARMV4I)
		{79DA3C35-FECA-1BAD-6757-8A6348EA12C8}.Release|Windows Mobile 5.0 Smartphone SDK (ARMV4I).Build.0 = Release|Windows Mobile 5.0 Smartphone SDK (ARMV4I)
		{88B03938-FECA-1BAD-007E-8A672CAF8EDD}.Debug|Pocket PC 2003 (ARMV4).ActiveCfg = Debug|Pocket PC 2003 (ARMV4)
		{88B03938-FECA-1BAD-007E-8A672CAF8EDD}.Debug|Pocket PC 2003 (ARMV4).Build.0 = Debug|Pocket PC 2003 (ARMV4)
		{88B03938-FECA-1BAD-007E-8A672CAF8EDD}.Debug|Smartphone 2003 (ARMV4).ActiveCfg = Debug|Smartphone 2003 (ARMV4)
		{88B03938-FECA-1BAD-007E-8A672CAF8EDD}.Debug|Smartphone 2003 (ARMV4).Build.0 = Debug|Smartphone 2003 (ARMV4)
		{88B03938-FECA-1BAD-007E-8A672CAF8EDD}.Debug|Windows Mobile 5.0 Pocket PC SDK (ARMV4I).ActiveCfg = Debug|Windows Mobile 5.0 Pocket PC SDK (ARMV4I)
		{88B03938-FECA-1BAD-007E-8A672CAF8EDD}.Debug|Windows Mobile 5.0 Pocket PC SDK (ARMV4I).Build.0 = Debug|Windows Mobile 5.0 Pocket PC SDK (ARMV4I)
		{88B03938-FECA-1BAD-007E-8A672CAF8EDD}.Debug|Windows Mobile 5.0 Smartphone SDK (ARMV4I).ActiveCfg = Debug|Windows Mobile 5.0 Smartphone SDK (ARMV4I)
		{88B03938-FECA-1BAD-007E-8A672CAF8EDD}.Debug|Windows Mobile 5.0 Smartphone SDK (ARMV4I).Build.0 = Debug|Windows Mobile 5.0 Smartphone SDK (ARMV4I)
		{88B03938-FECA-1BAD-007E-8A672CAF8EDD}.Release|Pocket PC 2003 (ARMV4).ActiveCfg = Release|Pocket PC 2003 (ARMV4)
		{88B03938-FECA-1BAD-007E-8A672CAF8EDD}.Release|Pocket PC 2003 (ARMV4).Build.0 = Release|Pocket PC 2003 (ARMV4)
		{88B03938-FECA-1BAD-007E-8A672CAF8EDD}.Release|Smartphone 2003 (ARMV4).ActiveCfg = Release|Smartphone 2003 (ARMV4)
		{88B03938-FECA-1BAD-007E-8A672CAF8EDD}.Release|Smartphone 2003 (ARMV4).Build.0 = Release|Smartphone 2003 (ARMV4)
		{88B03938-FECA-1BAD-007E-8A672CAF8EDD}.Release|Windows Mobile 5.0 Pocket PC SDK (ARMV4I).ActiveCfg = Release|Windows Mobile 5.0 Pocket PC SDK (ARMV4I)
		{88B03938-FECA-1BAD-007E-8A672CAF8EDD}.Release|Windows Mobile 5.0 Pocket PC SDK (ARMV4I).Build.0 = Release|Windows Mobile 5.0 Pocket PC SDK (ARMV4I)
		{88B03938-FECA-1BAD-007E-8A672CAF8EDD}.Release|Windows Mobile 5.0 Smartphone SDK (ARMV4I).ActiveCfg = Release|Windows Mobile 5.0 Smartphone SDK (ARMV4I)
		{88B03938-FECA-1BAD-007E-8A672CAF8EDD}.Release|Windows Mobile 5.0 Smartphone SDK (ARMV4I).Build.0 = Release|Windows Mobile 5.0 Smartphone SDK (ARMV4I)
		{096E6CE0-FECA-1BAD-007E-8A672CAF8EDD}.Debug|Pocket PC 2003 (ARMV4).ActiveCfg = Debug|Pocket PC 2003 (ARMV4)
		{096E6CE0-FECA-1BAD-007E-8A672CAF8EDD}.Debug|Pocket PC 2003 (ARMV4).Build.0 = Debug|Pocket PC 2003 (ARMV4)
		{096E6CE0-FECA-1BAD-007E-8A672CAF8EDD}.Debug|Smartphone 2003 (ARMV4).ActiveCfg = Debug|Smartphone 2003 (ARMV4)
		{096E6CE0-FECA-1BAD-007E-8A672CAF8EDD}.Debug|Smartphone 2003 (ARMV4).Build.0 = Debug|Smartphone 2003 (ARMV4)
		{096E6CE0-FECA-1BAD-007E-8A672CAF8EDD}.Debug|Windows Mobile 5.0 Pocket PC SDK (ARMV4I).ActiveCfg = Debug|Windows Mobile 5.0 Pocket PC SDK (ARMV4I)
		{096E6CE0-FECA-1BAD-007E-8A672CAF8EDD}.Debug|Windows Mobile 5.0 Pocket PC SDK (ARMV4I).Build.0 = Debug|Windows Mobile 5.0 Pocket PC SDK (ARMV4I)
		{096E6CE0-FECA-1BAD-007E-8A672CAF8EDD}.Debug|Windows Mobile 5.0 Smartphone SDK (ARMV4I).ActiveCfg = Debug|Windows Mobile 5.0 Smartphone SDK (ARMV4I)
		{096E6CE0-FECA-1BAD-007E-8A672CAF8EDD}.Debug|Windows Mobile 5.0 Smartphone SDK (ARMV4I).Build.0 = Debug|Windows Mobile 5.0 Smartphone SDK (ARMV4I)
		{096E6CE0-FECA-1BAD-007E-8A672CAF8EDD}.Release|Pocket PC 2003 (ARMV4).ActiveCfg = Release|Pocket PC 2003 (ARMV4)
		{096E6CE0-FECA-1BAD-007E-8A672CAF8EDD}.Release|Pocket PC 2003 (ARMV4).Build.0 = Release|Pocket PC 2003 (ARMV4)
		{096E6CE0-FECA-1BAD-007E-8A672CAF8EDD}.Release|Smartphone 2003 (ARMV4).ActiveCfg = Release|Smartphone 2003 (ARMV4)
		{096E6CE0-FECA-1BAD-007E-8A672CAF8EDD}.Release|Smartphone 2003 (ARMV4).Build.0 = Release|Smartphone 2003 (ARMV4)
		{096E6CE0-FECA-1BAD-007E-8A672CAF8EDD}.Release|Windows Mobile 5.0 Pocket PC SDK (ARMV4I).ActiveCfg = Release|Windows Mobile 5.0 Pocket PC SDK (ARMV4I)
		{096E6CE0-FECA-1BAD-007E-8A672CAF8EDD}.Release|Windows Mobile 5.0 Pocket PC SDK (ARMV4I).Build.0 = Release|Windows Mobile 5.0 Pocket PC SDK (ARMV4I)
		{096E6CE0-FECA-1BAD-007E-8A672CAF8EDD}.Release|Windows Mobile 5.0 Smartphone SDK (ARMV4I).ActiveCfg = Release|Windows Mobile 5.0 Smartphone SDK (ARMV4I)
		{096E6CE0-FECA-1BAD-007E-8A672CAF8EDD}.Release|Windows Mobile 5.0 Smartphone SDK (ARMV4I).Build.0 = Release|Windows Mobile 5.0 Smartphone SDK (ARMV4I)
		{79DB1155-FECA-1BAD-7781-8A6312CAEF49}.Debug|Pocket PC 2003 (ARMV4).ActiveCfg = Debug|Pocket PC 2003 (ARMV4)
		{79DB1155-FECA-1BAD-7781-8A6312CAEF49}.Debug|Pocket PC 2003 (ARMV4).Build.0 = Debug|Pocket PC 2003 (ARMV4)
		{79DB1155-FECA-1BAD-7781-8A6312CAEF49}.Debug|Smartphone 2003 (ARMV4).ActiveCfg = Debug|Smartphone 2003 (ARMV4)
		{79DB1155-FECA-1BAD-7781-8A6312CAEF49}.Debug|Smartphone 2003 (ARMV4).Build.0 = Debug|Smartphone 2003 (ARMV4)
		{79DB1155-FECA-1BAD-7781-8A6312CAEF49}.Debug|Windows Mobile 5.0 Pocket PC SDK (ARMV4I).ActiveCfg = Debug|Windows Mobile 5.0 Pocket PC SDK (ARMV4I)
		{79DB1155-FECA-1BAD-7781-8A6312CAEF49}.Debug|Windows Mobile 5.0 Pocket PC SDK (ARMV4I).Build.0 = Debug|Windows Mobile 5.0 Pocket PC SDK (ARMV4I)
		{79DB1155-FECA-1BAD-7781-8A6312CAEF49}.Debug|Windows Mobile 5.0 Smartphone SDK (ARMV4I).ActiveCfg = Debug|Windows Mobile 5.0 Smartphone SDK (ARMV4I)
		{79DB1155-FECA-1BAD-7781-8A6312CAEF49}.Debug|Windows Mobile 5.0 Smartphone SDK (ARMV4I).Build.0 = Debug|Windows Mobile 5.0 Smartphone SDK (ARMV4I)
		{79DB1155-FECA-1BAD-7781-8A6312CAEF49}.Release|Pocket PC 2003 (ARMV4).ActiveCfg = Release|Pocket PC 2003 (ARMV4)
		{79DB1155-FECA-1BAD-7781-8A6312CAEF49}.Release|Pocket PC 2003 (ARMV4).Build.0 = Release|Pocket PC 2003 (ARMV4)
		{79DB1155-FECA-1BAD-7781-8A6312CAEF49}.Release|Smartphone 2003 (ARMV4).ActiveCfg = Release|Smartphone 2003 (ARMV4)
		{79DB1155-FECA-1BAD-7781-8A6312CAEF49}.Release|Smartphone 2003 (ARMV4).Build.0 = Release|Smartphone 2003 (ARMV4)
		{79DB1155-FECA-1BAD-7781-8A6312CAEF49}.Release|Windows Mobile 5.0 Pocket PC SDK (ARMV4I).ActiveCfg = Release|Windows Mobile 5.0 Pocket PC SDK (ARMV4I)
		{79DB1155-FECA-1BAD-7781-8A6312CAEF49}.Release|Windows Mobile 5.0 Pocket PC SDK (ARMV4I).Build.0 = Release|Windows Mobile 5.0 Pocket PC SDK (ARMV4I)
		{79DB1155-FECA-1BAD-7781-8A6312CAEF49}.Release|Windows Mobile 5.0 Smartphone SDK (ARMV4I).ActiveCfg = Release|Windows Mobile 5.0 Smartphone SDK (ARMV4I)
		{79DB1155-FECA-1BAD-7781-8A6312CAEF49}.Release|Windows Mobile 5.0 Smartphone SDK (ARMV4I).Build.0 = Release|Windows Mobile 5.0 Smartphone SDK (ARMV4I)
		{08753830-FECA-1BAD-B537-DD79C1AA0532}.Debug|Pocket PC 2003 (ARMV4).ActiveCfg = Debug|Pocket PC 2003 (ARMV4)
		{08753830-FECA-1BAD-B537-DD79C1AA0532}.Debug|Pocket PC 2003 (ARMV4).Build.0 = Debug|Pocket PC 2003 (ARMV4)
		{08753830-FECA-1BAD-B537-DD79C1AA0532}.Debug|Smartphone 2003 (ARMV4).ActiveCfg = Debug|Smartphone 2003 (ARMV4)
		{08753830-FECA-1BAD-B537-DD79C1AA0532}.Debug|Smartphone 2003 (ARMV4).Build.0 = Debug|Smartphone 2003 (ARMV4)
		{08753830-FECA-1BAD-B537-DD79C1AA0532}.Debug|Windows Mobile 5.0 Pocket PC SDK (ARMV4I).ActiveCfg = Debug|Windows Mobile 5.0 Pocket PC SDK (ARMV4I)
		{08753830-FECA-1BAD-B537-DD79C1AA0532}.Debug|Windows Mobile 5.0 Pocket PC SDK (ARMV4I).Build.0 = Debug|Windows Mobile 5.0 Pocket PC SDK (ARMV4I)
		{08753830-FECA-1BAD-B537-DD79C1AA0532}.Debug|Windows Mobile 5.0 Smartphone SDK (ARMV4I).ActiveCfg = Debug|Windows Mobile 5.0 Smartphone SDK (ARMV4I)
		{08753830-FECA-1BAD-B537-DD79C1AA0532}.Debug|Windows Mobile 5.0 Smartphone SDK (ARMV4I).Build.0 = Debug|Windows Mobile 5.0 Smartphone SDK (ARMV4I)
		{08753830-FECA-1BAD-B537-DD79C1AA0532}.Release|Pocket PC 2003 (ARMV4).ActiveCfg = Release|Pocket PC 2003 (ARMV4)
		{08753830-FECA-1BAD-B537-DD79C1AA0532}.Release|Pocket PC 2003 (ARMV4).Build.0 = Release|Pocket PC 2003 (ARMV4)
		{08753830-FECA-1BAD-B537-DD79C1AA0532}.Release|Smartphone 2003 (ARMV4).ActiveCfg = Release|Smartphone 2003 (ARMV4)
		{08753830-FECA-1BAD-B537-DD79C1AA0532}.Release|Smartphone 2003 (ARMV4).Build.0 = Release|Smartphone 2003 (ARMV4)
		{08753830-FECA-1BAD-B537-DD79C1AA0532}.Release|Windows Mobile 5.0 Pocket PC SDK (ARMV4I).ActiveCfg = Release|Windows Mobile 5.0 Pocket PC SDK (ARMV4I)
		{08753830-FECA-1BAD-B537-DD79C1AA0532}.Release|Windows Mobile 5.0 Pocket PC SDK (ARMV4I).Build.0 = Release|Windows Mobile 5.0 Pocket PC SDK (ARMV4I)
		{08753830-FECA-1BAD-B537-DD79C1AA0532}.Release|Windows Mobile 5.0 Smartphone SDK (ARMV4I).ActiveCfg = Release|Windows Mobile 5.0 Smartphone SDK (ARMV4I)
		{08753830-FECA-1BAD-B537-DD79C1AA0532}.Release|Windows Mobile 5.0 Smartphone SDK (ARMV4I).Build.0 = Release|Windows Mobile 5.0 Smartphone SDK (ARMV4I)
	EndGlobalSection
	GlobalSection(SolutionProperties) = preSolution
		HideSolutionNode = FALSE
	EndGlobalSection
EndGlobal
